// !$*UTF8*$!
{
	archiveVersion = 1;
	classes = {
	};
	objectVersion = 46;
	objects = {

/* Begin PBXBuildFile section */
		B7B9ED7518AD3971005B760D /* Foundation.framework in Frameworks */ = {isa = PBXBuildFile; fileRef = B7B9ED7418AD3971005B760D /* Foundation.framework */; };
		B7B9ED7718AD3971005B760D /* CoreGraphics.framework in Frameworks */ = {isa = PBXBuildFile; fileRef = B7B9ED7618AD3971005B760D /* CoreGraphics.framework */; };
		B7B9ED7918AD3971005B760D /* UIKit.framework in Frameworks */ = {isa = PBXBuildFile; fileRef = B7B9ED7818AD3971005B760D /* UIKit.framework */; };
		B7B9ED7F18AD3971005B760D /* InfoPlist.strings in Resources */ = {isa = PBXBuildFile; fileRef = B7B9ED7D18AD3971005B760D /* InfoPlist.strings */; };
		B7B9ED8118AD3971005B760D /* main.m in Sources */ = {isa = PBXBuildFile; fileRef = B7B9ED8018AD3971005B760D /* main.m */; };
		B7B9ED8518AD3971005B760D /* AppDelegate.m in Sources */ = {isa = PBXBuildFile; fileRef = B7B9ED8418AD3971005B760D /* AppDelegate.m */; };
		B7B9ED8818AD3971005B760D /* Main.storyboard in Resources */ = {isa = PBXBuildFile; fileRef = B7B9ED8618AD3971005B760D /* Main.storyboard */; };
		B7B9ED8B18AD3971005B760D /* JbchartViewController.m in Sources */ = {isa = PBXBuildFile; fileRef = B7B9ED8A18AD3971005B760D /* JbchartViewController.m */; };
		B7B9ED8D18AD3971005B760D /* Images.xcassets in Resources */ = {isa = PBXBuildFile; fileRef = B7B9ED8C18AD3971005B760D /* Images.xcassets */; };
		B7B9ED9418AD3971005B760D /* XCTest.framework in Frameworks */ = {isa = PBXBuildFile; fileRef = B7B9ED9318AD3971005B760D /* XCTest.framework */; };
		B7B9ED9518AD3971005B760D /* Foundation.framework in Frameworks */ = {isa = PBXBuildFile; fileRef = B7B9ED7418AD3971005B760D /* Foundation.framework */; };
		B7B9ED9618AD3971005B760D /* UIKit.framework in Frameworks */ = {isa = PBXBuildFile; fileRef = B7B9ED7818AD3971005B760D /* UIKit.framework */; };
		B7B9ED9E18AD3971005B760D /* InfoPlist.strings in Resources */ = {isa = PBXBuildFile; fileRef = B7B9ED9C18AD3971005B760D /* InfoPlist.strings */; };
		B7B9EDA018AD3971005B760D /* JBChartDemoTests.m in Sources */ = {isa = PBXBuildFile; fileRef = B7B9ED9F18AD3971005B760D /* JBChartDemoTests.m */; };
		B7F6F5AC18AD610C00C6364E /* LinechartViewController.m in Sources */ = {isa = PBXBuildFile; fileRef = B7F6F5AB18AD610C00C6364E /* LinechartViewController.m */; };
		E7D1A20B563549EAB23FBFD3 /* libPods.a in Frameworks */ = {isa = PBXBuildFile; fileRef = 3E7084BA8B55465FAB68D783 /* libPods.a */; };
/* End PBXBuildFile section */

/* Begin PBXContainerItemProxy section */
		B7B9ED9718AD3971005B760D /* PBXContainerItemProxy */ = {
			isa = PBXContainerItemProxy;
			containerPortal = B7B9ED6918AD3971005B760D /* Project object */;
			proxyType = 1;
			remoteGlobalIDString = B7B9ED7018AD3971005B760D;
			remoteInfo = JBChartDemo;
		};
/* End PBXContainerItemProxy section */

/* Begin PBXFileReference section */
		3E7084BA8B55465FAB68D783 /* libPods.a */ = {isa = PBXFileReference; explicitFileType = archive.ar; includeInIndex = 0; path = libPods.a; sourceTree = BUILT_PRODUCTS_DIR; };
		B7B9ED7118AD3971005B760D /* JBChartDemo.app */ = {isa = PBXFileReference; explicitFileType = wrapper.application; includeInIndex = 0; path = JBChartDemo.app; sourceTree = BUILT_PRODUCTS_DIR; };
		B7B9ED7418AD3971005B760D /* Foundation.framework */ = {isa = PBXFileReference; lastKnownFileType = wrapper.framework; name = Foundation.framework; path = System/Library/Frameworks/Foundation.framework; sourceTree = SDKROOT; };
		B7B9ED7618AD3971005B760D /* CoreGraphics.framework */ = {isa = PBXFileReference; lastKnownFileType = wrapper.framework; name = CoreGraphics.framework; path = System/Library/Frameworks/CoreGraphics.framework; sourceTree = SDKROOT; };
		B7B9ED7818AD3971005B760D /* UIKit.framework */ = {isa = PBXFileReference; lastKnownFileType = wrapper.framework; name = UIKit.framework; path = System/Library/Frameworks/UIKit.framework; sourceTree = SDKROOT; };
		B7B9ED7C18AD3971005B760D /* JBChartDemo-Info.plist */ = {isa = PBXFileReference; lastKnownFileType = text.plist.xml; path = "JBChartDemo-Info.plist"; sourceTree = "<group>"; };
		B7B9ED7E18AD3971005B760D /* en */ = {isa = PBXFileReference; lastKnownFileType = text.plist.strings; name = en; path = en.lproj/InfoPlist.strings; sourceTree = "<group>"; };
		B7B9ED8018AD3971005B760D /* main.m */ = {isa = PBXFileReference; lastKnownFileType = sourcecode.c.objc; path = main.m; sourceTree = "<group>"; };
		B7B9ED8218AD3971005B760D /* JBChartDemo-Prefix.pch */ = {isa = PBXFileReference; lastKnownFileType = sourcecode.c.h; path = "JBChartDemo-Prefix.pch"; sourceTree = "<group>"; };
		B7B9ED8318AD3971005B760D /* AppDelegate.h */ = {isa = PBXFileReference; lastKnownFileType = sourcecode.c.h; path = AppDelegate.h; sourceTree = "<group>"; };
		B7B9ED8418AD3971005B760D /* AppDelegate.m */ = {isa = PBXFileReference; lastKnownFileType = sourcecode.c.objc; path = AppDelegate.m; sourceTree = "<group>"; };
		B7B9ED8718AD3971005B760D /* Base */ = {isa = PBXFileReference; lastKnownFileType = file.storyboard; name = Base; path = Base.lproj/Main.storyboard; sourceTree = "<group>"; };
		B7B9ED8918AD3971005B760D /* JbchartViewController.h */ = {isa = PBXFileReference; lastKnownFileType = sourcecode.c.h; path = JbchartViewController.h; sourceTree = "<group>"; };
		B7B9ED8A18AD3971005B760D /* JbchartViewController.m */ = {isa = PBXFileReference; lastKnownFileType = sourcecode.c.objc; path = JbchartViewController.m; sourceTree = "<group>"; };
		B7B9ED8C18AD3971005B760D /* Images.xcassets */ = {isa = PBXFileReference; lastKnownFileType = folder.assetcatalog; path = Images.xcassets; sourceTree = "<group>"; };
		B7B9ED9218AD3971005B760D /* JBChartDemoTests.xctest */ = {isa = PBXFileReference; explicitFileType = wrapper.cfbundle; includeInIndex = 0; path = JBChartDemoTests.xctest; sourceTree = BUILT_PRODUCTS_DIR; };
		B7B9ED9318AD3971005B760D /* XCTest.framework */ = {isa = PBXFileReference; lastKnownFileType = wrapper.framework; name = XCTest.framework; path = Library/Frameworks/XCTest.framework; sourceTree = DEVELOPER_DIR; };
		B7B9ED9B18AD3971005B760D /* JBChartDemoTests-Info.plist */ = {isa = PBXFileReference; lastKnownFileType = text.plist.xml; path = "JBChartDemoTests-Info.plist"; sourceTree = "<group>"; };
		B7B9ED9D18AD3971005B760D /* en */ = {isa = PBXFileReference; lastKnownFileType = text.plist.strings; name = en; path = en.lproj/InfoPlist.strings; sourceTree = "<group>"; };
		B7B9ED9F18AD3971005B760D /* JBChartDemoTests.m */ = {isa = PBXFileReference; lastKnownFileType = sourcecode.c.objc; path = JBChartDemoTests.m; sourceTree = "<group>"; };
		B7F6F5AA18AD610C00C6364E /* LinechartViewController.h */ = {isa = PBXFileReference; fileEncoding = 4; lastKnownFileType = sourcecode.c.h; path = LinechartViewController.h; sourceTree = "<group>"; };
		B7F6F5AB18AD610C00C6364E /* LinechartViewController.m */ = {isa = PBXFileReference; fileEncoding = 4; lastKnownFileType = sourcecode.c.objc; path = LinechartViewController.m; sourceTree = "<group>"; };
		F782D2E0A152479DBCF81D64 /* Pods.xcconfig */ = {isa = PBXFileReference; includeInIndex = 1; lastKnownFileType = text.xcconfig; name = Pods.xcconfig; path = Pods/Pods.xcconfig; sourceTree = "<group>"; };
/* End PBXFileReference section */

/* Begin PBXFrameworksBuildPhase section */
		B7B9ED6E18AD3971005B760D /* Frameworks */ = {
			isa = PBXFrameworksBuildPhase;
			buildActionMask = 2147483647;
			files = (
				B7B9ED7718AD3971005B760D /* CoreGraphics.framework in Frameworks */,
				B7B9ED7918AD3971005B760D /* UIKit.framework in Frameworks */,
				B7B9ED7518AD3971005B760D /* Foundation.framework in Frameworks */,
				E7D1A20B563549EAB23FBFD3 /* libPods.a in Frameworks */,
			);
			runOnlyForDeploymentPostprocessing = 0;
		};
		B7B9ED8F18AD3971005B760D /* Frameworks */ = {
			isa = PBXFrameworksBuildPhase;
			buildActionMask = 2147483647;
			files = (
				B7B9ED9418AD3971005B760D /* XCTest.framework in Frameworks */,
				B7B9ED9618AD3971005B760D /* UIKit.framework in Frameworks */,
				B7B9ED9518AD3971005B760D /* Foundation.framework in Frameworks */,
			);
			runOnlyForDeploymentPostprocessing = 0;
		};
/* End PBXFrameworksBuildPhase section */

/* Begin PBXGroup section */
		B7B9ED6818AD3971005B760D = {
			isa = PBXGroup;
			children = (
				B7B9ED7A18AD3971005B760D /* JBChartDemo */,
				B7B9ED9918AD3971005B760D /* JBChartDemoTests */,
				B7B9ED7318AD3971005B760D /* Frameworks */,
				B7B9ED7218AD3971005B760D /* Products */,
				F782D2E0A152479DBCF81D64 /* Pods.xcconfig */,
			);
			sourceTree = "<group>";
		};
		B7B9ED7218AD3971005B760D /* Products */ = {
			isa = PBXGroup;
			children = (
				B7B9ED7118AD3971005B760D /* JBChartDemo.app */,
				B7B9ED9218AD3971005B760D /* JBChartDemoTests.xctest */,
			);
			name = Products;
			sourceTree = "<group>";
		};
		B7B9ED7318AD3971005B760D /* Frameworks */ = {
			isa = PBXGroup;
			children = (
				B7B9ED7418AD3971005B760D /* Foundation.framework */,
				B7B9ED7618AD3971005B760D /* CoreGraphics.framework */,
				B7B9ED7818AD3971005B760D /* UIKit.framework */,
				B7B9ED9318AD3971005B760D /* XCTest.framework */,
				3E7084BA8B55465FAB68D783 /* libPods.a */,
			);
			name = Frameworks;
			sourceTree = "<group>";
		};
		B7B9ED7A18AD3971005B760D /* JBChartDemo */ = {
			isa = PBXGroup;
			children = (
				B7B9ED8318AD3971005B760D /* AppDelegate.h */,
				B7B9ED8418AD3971005B760D /* AppDelegate.m */,
				B7F6F5A818AD60DE00C6364E /* View */,
				B7F6F5A918AD60E600C6364E /* Controller */,
				B7B9ED8C18AD3971005B760D /* Images.xcassets */,
				B7B9ED7B18AD3971005B760D /* Supporting Files */,
			);
			path = JBChartDemo;
			sourceTree = "<group>";
		};
		B7B9ED7B18AD3971005B760D /* Supporting Files */ = {
			isa = PBXGroup;
			children = (
				B7B9ED7C18AD3971005B760D /* JBChartDemo-Info.plist */,
				B7B9ED7D18AD3971005B760D /* InfoPlist.strings */,
				B7B9ED8018AD3971005B760D /* main.m */,
				B7B9ED8218AD3971005B760D /* JBChartDemo-Prefix.pch */,
			);
			name = "Supporting Files";
			sourceTree = "<group>";
		};
		B7B9ED9918AD3971005B760D /* JBChartDemoTests */ = {
			isa = PBXGroup;
			children = (
				B7B9ED9F18AD3971005B760D /* JBChartDemoTests.m */,
				B7B9ED9A18AD3971005B760D /* Supporting Files */,
			);
			path = JBChartDemoTests;
			sourceTree = "<group>";
		};
		B7B9ED9A18AD3971005B760D /* Supporting Files */ = {
			isa = PBXGroup;
			children = (
				B7B9ED9B18AD3971005B760D /* JBChartDemoTests-Info.plist */,
				B7B9ED9C18AD3971005B760D /* InfoPlist.strings */,
			);
			name = "Supporting Files";
			sourceTree = "<group>";
		};
		B7F6F5A818AD60DE00C6364E /* View */ = {
			isa = PBXGroup;
			children = (
				B7B9ED8618AD3971005B760D /* Main.storyboard */,
			);
			name = View;
			sourceTree = "<group>";
		};
		B7F6F5A918AD60E600C6364E /* Controller */ = {
			isa = PBXGroup;
			children = (
				B7B9ED8918AD3971005B760D /* JbchartViewController.h */,
				B7B9ED8A18AD3971005B760D /* JbchartViewController.m */,
				B7F6F5AA18AD610C00C6364E /* LinechartViewController.h */,
				B7F6F5AB18AD610C00C6364E /* LinechartViewController.m */,
			);
			name = Controller;
			sourceTree = "<group>";
		};
/* End PBXGroup section */

/* Begin PBXNativeTarget section */
		B7B9ED7018AD3971005B760D /* JBChartDemo */ = {
			isa = PBXNativeTarget;
			buildConfigurationList = B7B9EDA318AD3971005B760D /* Build configuration list for PBXNativeTarget "JBChartDemo" */;
			buildPhases = (
				F1F182813C17411897A9D633 /* Check Pods Manifest.lock */,
				B7B9ED6D18AD3971005B760D /* Sources */,
				B7B9ED6E18AD3971005B760D /* Frameworks */,
				B7B9ED6F18AD3971005B760D /* Resources */,
				5865CA78661A4E1DA8283A26 /* Copy Pods Resources */,
			);
			buildRules = (
			);
			dependencies = (
			);
			name = JBChartDemo;
			productName = JBChartDemo;
			productReference = B7B9ED7118AD3971005B760D /* JBChartDemo.app */;
			productType = "com.apple.product-type.application";
		};
		B7B9ED9118AD3971005B760D /* JBChartDemoTests */ = {
			isa = PBXNativeTarget;
			buildConfigurationList = B7B9EDA618AD3971005B760D /* Build configuration list for PBXNativeTarget "JBChartDemoTests" */;
			buildPhases = (
				B7B9ED8E18AD3971005B760D /* Sources */,
				B7B9ED8F18AD3971005B760D /* Frameworks */,
				B7B9ED9018AD3971005B760D /* Resources */,
			);
			buildRules = (
			);
			dependencies = (
				B7B9ED9818AD3971005B760D /* PBXTargetDependency */,
			);
			name = JBChartDemoTests;
			productName = JBChartDemoTests;
			productReference = B7B9ED9218AD3971005B760D /* JBChartDemoTests.xctest */;
			productType = "com.apple.product-type.bundle.unit-test";
		};
/* End PBXNativeTarget section */

/* Begin PBXProject section */
		B7B9ED6918AD3971005B760D /* Project object */ = {
			isa = PBXProject;
			attributes = {
				LastUpgradeCheck = 0500;
				ORGANIZATIONNAME = "Cronix cia. ltda.";
				TargetAttributes = {
					B7B9ED9118AD3971005B760D = {
						TestTargetID = B7B9ED7018AD3971005B760D;
					};
				};
			};
			buildConfigurationList = B7B9ED6C18AD3971005B760D /* Build configuration list for PBXProject "JBChartDemo" */;
			compatibilityVersion = "Xcode 3.2";
			developmentRegion = English;
			hasScannedForEncodings = 0;
			knownRegions = (
				en,
				Base,
			);
			mainGroup = B7B9ED6818AD3971005B760D;
			productRefGroup = B7B9ED7218AD3971005B760D /* Products */;
			projectDirPath = "";
			projectRoot = "";
			targets = (
				B7B9ED7018AD3971005B760D /* JBChartDemo */,
				B7B9ED9118AD3971005B760D /* JBChartDemoTests */,
			);
		};
/* End PBXProject section */

/* Begin PBXResourcesBuildPhase section */
		B7B9ED6F18AD3971005B760D /* Resources */ = {
			isa = PBXResourcesBuildPhase;
			buildActionMask = 2147483647;
			files = (
				B7B9ED8D18AD3971005B760D /* Images.xcassets in Resources */,
				B7B9ED7F18AD3971005B760D /* InfoPlist.strings in Resources */,
				B7B9ED8818AD3971005B760D /* Main.storyboard in Resources */,
			);
			runOnlyForDeploymentPostprocessing = 0;
		};
		B7B9ED9018AD3971005B760D /* Resources */ = {
			isa = PBXResourcesBuildPhase;
			buildActionMask = 2147483647;
			files = (
				B7B9ED9E18AD3971005B760D /* InfoPlist.strings in Resources */,
			);
			runOnlyForDeploymentPostprocessing = 0;
		};
/* End PBXResourcesBuildPhase section */

/* Begin PBXShellScriptBuildPhase section */
		5865CA78661A4E1DA8283A26 /* Copy Pods Resources */ = {
			isa = PBXShellScriptBuildPhase;
			buildActionMask = 2147483647;
			files = (
			);
			inputPaths = (
			);
			name = "Copy Pods Resources";
			outputPaths = (
			);
			runOnlyForDeploymentPostprocessing = 0;
			shellPath = /bin/sh;
			shellScript = "\"${SRCROOT}/Pods/Pods-resources.sh\"\n";
			showEnvVarsInLog = 0;
		};
		F1F182813C17411897A9D633 /* Check Pods Manifest.lock */ = {
			isa = PBXShellScriptBuildPhase;
			buildActionMask = 2147483647;
			files = (
			);
			inputPaths = (
			);
			name = "Check Pods Manifest.lock";
			outputPaths = (
			);
			runOnlyForDeploymentPostprocessing = 0;
			shellPath = /bin/sh;
			shellScript = "diff \"${PODS_ROOT}/../Podfile.lock\" \"${PODS_ROOT}/Manifest.lock\" > /dev/null\nif [[ $? != 0 ]] ; then\n    cat << EOM\nerror: The sandbox is not in sync with the Podfile.lock. Run 'pod install' or update your CocoaPods installation.\nEOM\n    exit 1\nfi\n";
			showEnvVarsInLog = 0;
		};
/* End PBXShellScriptBuildPhase section */

/* Begin PBXSourcesBuildPhase section */
		B7B9ED6D18AD3971005B760D /* Sources */ = {
			isa = PBXSourcesBuildPhase;
			buildActionMask = 2147483647;
			files = (
				B7B9ED8B18AD3971005B760D /* JbchartViewController.m in Sources */,
				B7F6F5AC18AD610C00C6364E /* LinechartViewController.m in Sources */,
				B7B9ED8518AD3971005B760D /* AppDelegate.m in Sources */,
				B7B9ED8118AD3971005B760D /* main.m in Sources */,
			);
			runOnlyForDeploymentPostprocessing = 0;
		};
		B7B9ED8E18AD3971005B760D /* Sources */ = {
			isa = PBXSourcesBuildPhase;
			buildActionMask = 2147483647;
			files = (
				B7B9EDA018AD3971005B760D /* JBChartDemoTests.m in Sources */,
			);
			runOnlyForDeploymentPostprocessing = 0;
		};
/* End PBXSourcesBuildPhase section */

/* Begin PBXTargetDependency section */
		B7B9ED9818AD3971005B760D /* PBXTargetDependency */ = {
			isa = PBXTargetDependency;
			target = B7B9ED7018AD3971005B760D /* JBChartDemo */;
			targetProxy = B7B9ED9718AD3971005B760D /* PBXContainerItemProxy */;
		};
/* End PBXTargetDependency section */

/* Begin PBXVariantGroup section */
		B7B9ED7D18AD3971005B760D /* InfoPlist.strings */ = {
			isa = PBXVariantGroup;
			children = (
				B7B9ED7E18AD3971005B760D /* en */,
			);
			name = InfoPlist.strings;
			sourceTree = "<group>";
		};
		B7B9ED8618AD3971005B760D /* Main.storyboard */ = {
			isa = PBXVariantGroup;
			children = (
				B7B9ED8718AD3971005B760D /* Base */,
			);
			name = Main.storyboard;
			sourceTree = "<group>";
		};
		B7B9ED9C18AD3971005B760D /* InfoPlist.strings */ = {
			isa = PBXVariantGroup;
			children = (
				B7B9ED9D18AD3971005B760D /* en */,
			);
			name = InfoPlist.strings;
			sourceTree = "<group>";
		};
/* End PBXVariantGroup section */

/* Begin XCBuildConfiguration section */
		B7B9EDA118AD3971005B760D /* Debug */ = {
			isa = XCBuildConfiguration;
			buildSettings = {
				ALWAYS_SEARCH_USER_PATHS = NO;
				ARCHS = "$(ARCHS_STANDARD_INCLUDING_64_BIT)";
				CLANG_CXX_LANGUAGE_STANDARD = "gnu++0x";
				CLANG_CXX_LIBRARY = "libc++";
				CLANG_ENABLE_MODULES = YES;
				CLANG_ENABLE_OBJC_ARC = YES;
				CLANG_WARN_BOOL_CONVERSION = YES;
				CLANG_WARN_CONSTANT_CONVERSION = YES;
				CLANG_WARN_DIRECT_OBJC_ISA_USAGE = YES_ERROR;
				CLANG_WARN_EMPTY_BODY = YES;
				CLANG_WARN_ENUM_CONVERSION = YES;
				CLANG_WARN_INT_CONVERSION = YES;
				CLANG_WARN_OBJC_ROOT_CLASS = YES_ERROR;
				CLANG_WARN__DUPLICATE_METHOD_MATCH = YES;
				"CODE_SIGN_IDENTITY[sdk=iphoneos*]" = "iPhone Developer";
				COPY_PHASE_STRIP = NO;
				GCC_C_LANGUAGE_STANDARD = gnu99;
				GCC_DYNAMIC_NO_PIC = NO;
				GCC_OPTIMIZATION_LEVEL = 0;
				GCC_PREPROCESSOR_DEFINITIONS = (
					"DEBUG=1",
					"$(inherited)",
				);
				GCC_SYMBOLS_PRIVATE_EXTERN = NO;
				GCC_WARN_64_TO_32_BIT_CONVERSION = YES;
				GCC_WARN_ABOUT_RETURN_TYPE = YES_ERROR;
				GCC_WARN_UNDECLARED_SELECTOR = YES;
				GCC_WARN_UNINITIALIZED_AUTOS = YES;
				GCC_WARN_UNUSED_FUNCTION = YES;
				GCC_WARN_UNUSED_VARIABLE = YES;
				IPHONEOS_DEPLOYMENT_TARGET = 7.0;
				ONLY_ACTIVE_ARCH = YES;
				SDKROOT = iphoneos;
			};
			name = Debug;
		};
		B7B9EDA218AD3971005B760D /* Release */ = {
			isa = XCBuildConfiguration;
			buildSettings = {
				ALWAYS_SEARCH_USER_PATHS = NO;
				ARCHS = "$(ARCHS_STANDARD_INCLUDING_64_BIT)";
				CLANG_CXX_LANGUAGE_STANDARD = "gnu++0x";
				CLANG_CXX_LIBRARY = "libc++";
				CLANG_ENABLE_MODULES = YES;
				CLANG_ENABLE_OBJC_ARC = YES;
				CLANG_WARN_BOOL_CONVERSION = YES;
				CLANG_WARN_CONSTANT_CONVERSION = YES;
				CLANG_WARN_DIRECT_OBJC_ISA_USAGE = YES_ERROR;
				CLANG_WARN_EMPTY_BODY = YES;
				CLANG_WARN_ENUM_CONVERSION = YES;
				CLANG_WARN_INT_CONVERSION = YES;
				CLANG_WARN_OBJC_ROOT_CLASS = YES_ERROR;
				CLANG_WARN__DUPLICATE_METHOD_MATCH = YES;
				"CODE_SIGN_IDENTITY[sdk=iphoneos*]" = "iPhone Developer";
				COPY_PHASE_STRIP = YES;
				ENABLE_NS_ASSERTIONS = NO;
				GCC_C_LANGUAGE_STANDARD = gnu99;
				GCC_WARN_64_TO_32_BIT_CONVERSION = YES;
				GCC_WARN_ABOUT_RETURN_TYPE = YES_ERROR;
				GCC_WARN_UNDECLARED_SELECTOR = YES;
				GCC_WARN_UNINITIALIZED_AUTOS = YES;
				GCC_WARN_UNUSED_FUNCTION = YES;
				GCC_WARN_UNUSED_VARIABLE = YES;
				IPHONEOS_DEPLOYMENT_TARGET = 7.0;
				SDKROOT = iphoneos;
				VALIDATE_PRODUCT = YES;
			};
			name = Release;
		};
		B7B9EDA418AD3971005B760D /* Debug */ = {
			isa = XCBuildConfiguration;
			baseConfigurationReference = F782D2E0A152479DBCF81D64 /* Pods.xcconfig */;
			buildSettings = {
				ASSETCATALOG_COMPILER_APPICON_NAME = AppIcon;
				ASSETCATALOG_COMPILER_LAUNCHIMAGE_NAME = LaunchImage;
				GCC_PRECOMPILE_PREFIX_HEADER = YES;
				GCC_PREFIX_HEADER = "JBChartDemo/JBChartDemo-Prefix.pch";
				INFOPLIST_FILE = "JBChartDemo/JBChartDemo-Info.plist";
				PRODUCT_NAME = "$(TARGET_NAME)";
				WRAPPER_EXTENSION = app;
			};
			name = Debug;
		};
		B7B9EDA518AD3971005B760D /* Release */ = {
			isa = XCBuildConfiguration;
			baseConfigurationReference = F782D2E0A152479DBCF81D64 /* Pods.xcconfig */;
			buildSettings = {
				ASSETCATALOG_COMPILER_APPICON_NAME = AppIcon;
				ASSETCATALOG_COMPILER_LAUNCHIMAGE_NAME = LaunchImage;
				GCC_PRECOMPILE_PREFIX_HEADER = YES;
				GCC_PREFIX_HEADER = "JBChartDemo/JBChartDemo-Prefix.pch";
				INFOPLIST_FILE = "JBChartDemo/JBChartDemo-Info.plist";
				PRODUCT_NAME = "$(TARGET_NAME)";
				WRAPPER_EXTENSION = app;
			};
			name = Release;
		};
		B7B9EDA718AD3971005B760D /* Debug */ = {
			isa = XCBuildConfiguration;
			buildSettings = {
				ARCHS = "$(ARCHS_STANDARD_INCLUDING_64_BIT)";
				BUNDLE_LOADER = "$(BUILT_PRODUCTS_DIR)/JBChartDemo.app/JBChartDemo";
				FRAMEWORK_SEARCH_PATHS = (
					"$(SDKROOT)/Developer/Library/Frameworks",
					"$(inherited)",
					"$(DEVELOPER_FRAMEWORKS_DIR)",
				);
				GCC_PRECOMPILE_PREFIX_HEADER = YES;
				GCC_PREFIX_HEADER = "JBChartDemo/JBChartDemo-Prefix.pch";
				GCC_PREPROCESSOR_DEFINITIONS = (
					"DEBUG=1",
					"$(inherited)",
				);
				INFOPLIST_FILE = "JBChartDemoTests/JBChartDemoTests-Info.plist";
				PRODUCT_NAME = "$(TARGET_NAME)";
				TEST_HOST = "$(BUNDLE_LOADER)";
				WRAPPER_EXTENSION = xctest;
			};
			name = Debug;
		};
		B7B9EDA818AD3971005B760D /* Release */ = {
			isa = XCBuildConfiguration;
			buildSettings = {
				ARCHS = "$(ARCHS_STANDARD_INCLUDING_64_BIT)";
				BUNDLE_LOADER = "$(BUILT_PRODUCTS_DIR)/JBChartDemo.app/JBChartDemo";
				FRAMEWORK_SEARCH_PATHS = (
					"$(SDKROOT)/Developer/Library/Frameworks",
					"$(inherited)",
					"$(DEVELOPER_FRAMEWORKS_DIR)",
				);
				GCC_PRECOMPILE_PREFIX_HEADER = YES;
				GCC_PREFIX_HEADER = "JBChartDemo/JBChartDemo-Prefix.pch";
				INFOPLIST_FILE = "JBChartDemoTests/JBChartDemoTests-Info.plist";
				PRODUCT_NAME = "$(TARGET_NAME)";
				TEST_HOST = "$(BUNDLE_LOADER)";
				WRAPPER_EXTENSION = xctest;
			};
			name = Release;
		};
/* End XCBuildConfiguration section */

/* Begin XCConfigurationList section */
		B7B9ED6C18AD3971005B760D /* Build configuration list for PBXProject "JBChartDemo" */ = {
			isa = XCConfigurationList;
			buildConfigurations = (
				B7B9EDA118AD3971005B760D /* Debug */,
				B7B9EDA218AD3971005B760D /* Release */,
			);
			defaultConfigurationIsVisible = 0;
			defaultConfigurationName = Release;
		};
		B7B9EDA318AD3971005B760D /* Build configuration list for PBXNativeTarget "JBChartDemo" */ = {
			isa = XCConfigurationList;
			buildConfigurations = (
				B7B9EDA418AD3971005B760D /* Debug */,
				B7B9EDA518AD3971005B760D /* Release */,
			);
			defaultConfigurationIsVisible = 0;
			defaultConfigurationName = Release;
		};
		B7B9EDA618AD3971005B760D /* Build configuration list for PBXNativeTarget "JBChartDemoTests" */ = {
			isa = XCConfigurationList;
			buildConfigurations = (
				B7B9EDA718AD3971005B760D /* Debug */,
				B7B9EDA818AD3971005B760D /* Release */,
			);
			defaultConfigurationIsVisible = 0;
			defaultConfigurationName = Release;
		};
/* End XCConfigurationList section */
	};
	rootObject = B7B9ED6918AD3971005B760D /* Project object */;
}
